
Microsoft Visual Studio Solution File, Format Version 12.00
# Visual Studio Version 16
VisualStudioVersion = 16.0.29709.97
MinimumVisualStudioVersion = 10.0.40219.1
Project("{FAE04EC0-301F-11D3-BF4B-00C04F79EFBC}") = "PurrSoft_Proyecto_Final", "PurrSoft_Proyecto_Final\PurrSoft_Proyecto_Final.csproj", "{E96525C7-F0CF-42AC-9F0D-3C08040C175E}"
EndProject
Global
	GlobalSection(SolutionConfigurationPlatforms) = preSolution
		Debug|Any CPU = Debug|Any CPU
		Release|Any CPU = Release|Any CPU
	EndGlobalSection
	GlobalSection(ProjectConfigurationPlatforms) = postSolution
		{E96525C7-F0CF-42AC-9F0D-3C08040C175E}.Debug|Any CPU.ActiveCfg = Debug|Any CPU
		{E96525C7-F0CF-42AC-9F0D-3C08040C175E}.Debug|Any CPU.Build.0 = Debug|Any CPU
		{E96525C7-F0CF-42AC-9F0D-3C08040C175E}.Release|Any CPU.ActiveCfg = Release|Any CPU
		{E96525C7-F0CF-42AC-9F0D-3C08040C175E}.Release|Any CPU.Build.0 = Release|Any CPU
	EndGlobalSection
	GlobalSection(SolutionProperties) = preSolution
		HideSolutionNode = FALSE
	EndGlobalSection
	GlobalSection(ExtensibilityGlobals) = postSolution
		SolutionGuid = {5C3DE5D9-5F0D-4683-BC9D-BF15EAD3B10D}
	EndGlobalSection
EndGlobal
